
Microsoft Visual Studio Solution File, Format Version 12.00
# Visual Studio Version 16
VisualStudioVersion = 16.0.30320.27
MinimumVisualStudioVersion = 10.0.40219.1
Project("{9A19103F-16F7-4668-BE54-9A1E7A4F7556}") = "SkillTracker.Test", "SkillTracker.Test.csproj", "{D14DEE4C-B00E-4374-945A-83D7EF2C81DC}"
EndProject
Global
	GlobalSection(SolutionConfigurationPlatforms) = preSolution
		Debug|Any CPU = Debug|Any CPU
		Release|Any CPU = Release|Any CPU
	EndGlobalSection
	GlobalSection(ProjectConfigurationPlatforms) = postSolution
		{D14DEE4C-B00E-4374-945A-83D7EF2C81DC}.Debug|Any CPU.ActiveCfg = Debug|Any CPU
		{D14DEE4C-B00E-4374-945A-83D7EF2C81DC}.Debug|Any CPU.Build.0 = Debug|Any CPU
		{D14DEE4C-B00E-4374-945A-83D7EF2C81DC}.Release|Any CPU.ActiveCfg = Release|Any CPU
		{D14DEE4C-B00E-4374-945A-83D7EF2C81DC}.Release|Any CPU.Build.0 = Release|Any CPU
	EndGlobalSection
	GlobalSection(SolutionProperties) = preSolution
		HideSolutionNode = FALSE
	EndGlobalSection
	GlobalSection(ExtensibilityGlobals) = postSolution
		SolutionGuid = {546599EC-9CDA-4323-B725-5C8C414F09CE}
	EndGlobalSection
EndGlobal
